// !$*UTF8*$!
{
	archiveVersion = 1;
	classes = {
	};
	objectVersion = 46;
	objects = {

/* Begin PBXBuildFile section */
		F1877DCC1E491BD800D2B259 /* AppDelegate.swift in Sources */ = {isa = PBXBuildFile; fileRef = F1877DCB1E491BD800D2B259 /* AppDelegate.swift */; };
		F1877DCE1E491BD800D2B259 /* ViewController.swift in Sources */ = {isa = PBXBuildFile; fileRef = F1877DCD1E491BD800D2B259 /* ViewController.swift */; };
		F1877DD11E491BD900D2B259 /* Main.storyboard in Resources */ = {isa = PBXBuildFile; fileRef = F1877DCF1E491BD900D2B259 /* Main.storyboard */; };
		F1877DD31E491BD900D2B259 /* Assets.xcassets in Resources */ = {isa = PBXBuildFile; fileRef = F1877DD21E491BD900D2B259 /* Assets.xcassets */; };
		F1877DD61E491BD900D2B259 /* LaunchScreen.storyboard in Resources */ = {isa = PBXBuildFile; fileRef = F1877DD41E491BD900D2B259 /* LaunchScreen.storyboard */; };
		F1877DDE1E491CE300D2B259 /* AlertTableViewController.swift in Sources */ = {isa = PBXBuildFile; fileRef = F1877DDD1E491CE300D2B259 /* AlertTableViewController.swift */; };
/* End PBXBuildFile section */

/* Begin PBXFileReference section */
		F1877DC81E491BD800D2B259 /* clase5.app */ = {isa = PBXFileReference; explicitFileType = wrapper.application; includeInIndex = 0; path = clase5.app; sourceTree = BUILT_PRODUCTS_DIR; };
		F1877DCB1E491BD800D2B259 /* AppDelegate.swift */ = {isa = PBXFileReference; lastKnownFileType = sourcecode.swift; path = AppDelegate.swift; sourceTree = "<group>"; };
		F1877DCD1E491BD800D2B259 /* ViewController.swift */ = {isa = PBXFileReference; lastKnownFileType = sourcecode.swift; path = ViewController.swift; sourceTree = "<group>"; };
		F1877DD01E491BD900D2B259 /* Base */ = {isa = PBXFileReference; lastKnownFileType = file.storyboard; name = Base; path = Base.lproj/Main.storyboard; sourceTree = "<group>"; };
		F1877DD21E491BD900D2B259 /* Assets.xcassets */ = {isa = PBXFileReference; lastKnownFileType = folder.assetcatalog; path = Assets.xcassets; sourceTree = "<group>"; };
		F1877DD51E491BD900D2B259 /* Base */ = {isa = PBXFileReference; lastKnownFileType = file.storyboard; name = Base; path = Base.lproj/LaunchScreen.storyboard; sourceTree = "<group>"; };
		F1877DD71E491BD900D2B259 /* Info.plist */ = {isa = PBXFileReference; lastKnownFileType = text.plist.xml; path = Info.plist; sourceTree = "<group>"; };
		F1877DDD1E491CE300D2B259 /* AlertTableViewController.swift */ = {isa = PBXFileReference; fileEncoding = 4; lastKnownFileType = sourcecode.swift; path = AlertTableViewController.swift; sourceTree = "<group>"; };
/* End PBXFileReference section */

/* Begin PBXFrameworksBuildPhase section */
		F1877DC51E491BD800D2B259 /* Frameworks */ = {
			isa = PBXFrameworksBuildPhase;
			buildActionMask = 2147483647;
			files = (
			);
			runOnlyForDeploymentPostprocessing = 0;
		};
/* End PBXFrameworksBuildPhase section */

/* Begin PBXGroup section */
		F1877DBF1E491BD800D2B259 = {
			isa = PBXGroup;
			children = (
				F1877DCA1E491BD800D2B259 /* clase5 */,
				F1877DC91E491BD800D2B259 /* Products */,
			);
			sourceTree = "<group>";
		};
		F1877DC91E491BD800D2B259 /* Products */ = {
			isa = PBXGroup;
			children = (
				F1877DC81E491BD800D2B259 /* clase5.app */,
			);
			name = Products;
			sourceTree = "<group>";
		};
		F1877DCA1E491BD800D2B259 /* clase5 */ = {
			isa = PBXGroup;
			children = (
				F1877DCB1E491BD800D2B259 /* AppDelegate.swift */,
				F1877DCD1E491BD800D2B259 /* ViewController.swift */,
				F1877DCF1E491BD900D2B259 /* Main.storyboard */,
				F1877DD21E491BD900D2B259 /* Assets.xcassets */,
				F1877DD41E491BD900D2B259 /* LaunchScreen.storyboard */,
				F1877DD71E491BD900D2B259 /* Info.plist */,
				F1877DDD1E491CE300D2B259 /* AlertTableViewController.swift */,
			);
			path = clase5;
			sourceTree = "<group>";
		};
/* End PBXGroup section */

/* Begin PBXNativeTarget section */
		F1877DC71E491BD800D2B259 /* clase5 */ = {
			isa = PBXNativeTarget;
			buildConfigurationList = F1877DDA1E491BD900D2B259 /* Build configuration list for PBXNativeTarget "clase5" */;
			buildPhases = (
				F1877DC41E491BD800D2B259 /* Sources */,
				F1877DC51E491BD800D2B259 /* Frameworks */,
				F1877DC61E491BD800D2B259 /* Resources */,
			);
			buildRules = (
			);
			dependencies = (
			);
			name = clase5;
			productName = clase5;
			productReference = F1877DC81E491BD800D2B259 /* clase5.app */;
			productType = "com.apple.product-type.application";
		};
/* End PBXNativeTarget section */

/* Begin PBXProject section */
		F1877DC01E491BD800D2B259 /* Project object */ = {
			isa = PBXProject;
			attributes = {
				LastSwiftUpdateCheck = 0800;
				LastUpgradeCheck = 0800;
				ORGANIZATIONNAME = "Consorcio HBO";
				TargetAttributes = {
					F1877DC71E491BD800D2B259 = {
						CreatedOnToolsVersion = 8.0;
						ProvisioningStyle = Automatic;
					};
				};
			};
			buildConfigurationList = F1877DC31E491BD800D2B259 /* Build configuration list for PBXProject "clase5" */;
			compatibilityVersion = "Xcode 3.2";
			developmentRegion = English;
			hasScannedForEncodings = 0;
			knownRegions = (
				en,
				Base,
			);
			mainGroup = F1877DBF1E491BD800D2B259;
			productRefGroup = F1877DC91E491BD800D2B259 /* Products */;
			projectDirPath = "";
			projectRoot = "";
			targets = (
				F1877DC71E491BD800D2B259 /* clase5 */,
			);
		};
/* End PBXProject section */

/* Begin PBXResourcesBuildPhase section */
		F1877DC61E491BD800D2B259 /* Resources */ = {
			isa = PBXResourcesBuildPhase;
			buildActionMask = 2147483647;
			files = (
				F1877DD61E491BD900D2B259 /* LaunchScreen.storyboard in Resources */,
				F1877DD31E491BD900D2B259 /* Assets.xcassets in Resources */,
				F1877DD11E491BD900D2B259 /* Main.storyboard in Resources */,
			);
			runOnlyForDeploymentPostprocessing = 0;
		};
/* End PBXResourcesBuildPhase section */

/* Begin PBXSourcesBuildPhase section */
		F1877DC41E491BD800D2B259 /* Sources */ = {
			isa = PBXSourcesBuildPhase;
			buildActionMask = 2147483647;
			files = (
				F1877DCE1E491BD800D2B259 /* ViewController.swift in Sources */,
				F1877DDE1E491CE300D2B259 /* AlertTableViewController.swift in Sources */,
				F1877DCC1E491BD800D2B259 /* AppDelegate.swift in Sources */,
			);
			runOnlyForDeploymentPostprocessing = 0;
		};
/* End PBXSourcesBuildPhase section */

/* Begin PBXVariantGroup section */
		F1877DCF1E491BD900D2B259 /* Main.storyboard */ = {
			isa = PBXVariantGroup;
			children = (
				F1877DD01E491BD900D2B259 /* Base */,
			);
			name = Main.storyboard;
			sourceTree = "<group>";
		};
		F1877DD41E491BD900D2B259 /* LaunchScreen.storyboard */ = {
			isa = PBXVariantGroup;
			children = (
				F1877DD51E491BD900D2B259 /* Base */,
			);
			name = LaunchScreen.storyboard;
			sourceTree = "<group>";
		};
/* End PBXVariantGroup section */

/* Begin XCBuildConfiguration section */
		F1877DD81E491BD900D2B259 /* Debug */ = {
			isa = XCBuildConfiguration;
			buildSettings = {
				ALWAYS_SEARCH_USER_PATHS = NO;
				CLANG_ANALYZER_NONNULL = YES;
				CLANG_CXX_LANGUAGE_STANDARD = "gnu++0x";
				CLANG_CXX_LIBRARY = "libc++";
				CLANG_ENABLE_MODULES = YES;
				CLANG_ENABLE_OBJC_ARC = YES;
				CLANG_WARN_BOOL_CONVERSION = YES;
				CLANG_WARN_CONSTANT_CONVERSION = YES;
				CLANG_WARN_DIRECT_OBJC_ISA_USAGE = YES_ERROR;
				CLANG_WARN_DOCUMENTATION_COMMENTS = YES;
				CLANG_WARN_EMPTY_BODY = YES;
				CLANG_WARN_ENUM_CONVERSION = YES;
				CLANG_WARN_INFINITE_RECURSION = YES;
				CLANG_WARN_INT_CONVERSION = YES;
				CLANG_WARN_OBJC_ROOT_CLASS = YES_ERROR;
				CLANG_WARN_SUSPICIOUS_MOVES = YES;
				CLANG_WARN_UNREACHABLE_CODE = YES;
				CLANG_WARN__DUPLICATE_METHOD_MATCH = YES;
				"CODE_SIGN_IDENTITY[sdk=iphoneos*]" = "iPhone Developer";
				COPY_PHASE_STRIP = NO;
				DEBUG_INFORMATION_FORMAT = dwarf;
				ENABLE_STRICT_OBJC_MSGSEND = YES;
				ENABLE_TESTABILITY = YES;
				GCC_C_LANGUAGE_STANDARD = gnu99;
				GCC_DYNAMIC_NO_PIC = NO;
				GCC_NO_COMMON_BLOCKS = YES;
				GCC_OPTIMIZATION_LEVEL = 0;
				GCC_PREPROCESSOR_DEFINITIONS = (
					"DEBUG=1",
					"$(inherited)",
				);
				GCC_WARN_64_TO_32_BIT_CONVERSION = YES;
				GCC_WARN_ABOUT_RETURN_TYPE = YES_ERROR;
				GCC_WARN_UNDECLARED_SELECTOR = YES;
				GCC_WARN_UNINITIALIZED_AUTOS = YES_AGGRESSIVE;
				GCC_WARN_UNUSED_FUNCTION = YES;
				GCC_WARN_UNUSED_VARIABLE = YES;
				IPHONEOS_DEPLOYMENT_TARGET = 10.0;
				MTL_ENABLE_DEBUG_INFO = YES;
				ONLY_ACTIVE_ARCH = YES;
				SDKROOT = iphoneos;
				SWIFT_ACTIVE_COMPILATION_CONDITIONS = DEBUG;
				SWIFT_OPTIMIZATION_LEVEL = "-Onone";
				TARGETED_DEVICE_FAMILY = "1,2";
			};
			name = Debug;
		};
		F1877DD91E491BD900D2B259 /* Release */ = {
			isa = XCBuildConfiguration;
			buildSettings = {
				ALWAYS_SEARCH_USER_PATHS = NO;
				CLANG_ANALYZER_NONNULL = YES;
				CLANG_CXX_LANGUAGE_STANDARD = "gnu++0x";
				CLANG_CXX_LIBRARY = "libc++";
				CLANG_ENABLE_MODULES = YES;
				CLANG_ENABLE_OBJC_ARC = YES;
				CLANG_WARN_BOOL_CONVERSION = YES;
				CLANG_WARN_CONSTANT_CONVERSION = YES;
				CLANG_WARN_DIRECT_OBJC_ISA_USAGE = YES_ERROR;
				CLANG_WARN_DOCUMENTATION_COMMENTS = YES;
				CLANG_WARN_EMPTY_BODY = YES;
				CLANG_WARN_ENUM_CONVERSION = YES;
				CLANG_WARN_INFINITE_RECURSION = YES;
				CLANG_WARN_INT_CONVERSION = YES;
				CLANG_WARN_OBJC_ROOT_CLASS = YES_ERROR;
				CLANG_WARN_SUSPICIOUS_MOVES = YES;
				CLANG_WARN_UNREACHABLE_CODE = YES;
				CLANG_WARN__DUPLICATE_METHOD_MATCH = YES;
				"CODE_SIGN_IDENTITY[sdk=iphoneos*]" = "iPhone Developer";
				COPY_PHASE_STRIP = NO;
				DEBUG_INFORMATION_FORMAT = "dwarf-with-dsym";
				ENABLE_NS_ASSERTIONS = NO;
				ENABLE_STRICT_OBJC_MSGSEND = YES;
				GCC_C_LANGUAGE_STANDARD = gnu99;
				GCC_NO_COMMON_BLOCKS = YES;
				GCC_WARN_64_TO_32_BIT_CONVERSION = YES;
				GCC_WARN_ABOUT_RETURN_TYPE = YES_ERROR;
				GCC_WARN_UNDECLARED_SELECTOR = YES;
				GCC_WARN_UNINITIALIZED_AUTOS = YES_AGGRESSIVE;
				GCC_WARN_UNUSED_FUNCTION = YES;
				GCC_WARN_UNUSED_VARIABLE = YES;
				IPHONEOS_DEPLOYMENT_TARGET = 10.0;
				MTL_ENABLE_DEBUG_INFO = NO;
				SDKROOT = iphoneos;
				SWIFT_OPTIMIZATION_LEVEL = "-Owholemodule";
				TARGETED_DEVICE_FAMILY = "1,2";
				VALIDATE_PRODUCT = YES;
			};
			name = Release;
		};
		F1877DDB1E491BD900D2B259 /* Debug */ = {
			isa = XCBuildConfiguration;
			buildSettings = {
				ASSETCATALOG_COMPILER_APPICON_NAME = AppIcon;
				INFOPLIST_FILE = clase5/Info.plist;
				LD_RUNPATH_SEARCH_PATHS = "$(inherited) @executable_path/Frameworks";
				PRODUCT_BUNDLE_IDENTIFIER = com.consorciohbo.clase5;
				PRODUCT_NAME = "$(TARGET_NAME)";
				SWIFT_VERSION = 3.0;
			};
			name = Debug;
		};
		F1877DDC1E491BD900D2B259 /* Release */ = {
			isa = XCBuildConfiguration;
			buildSettings = {
				ASSETCATALOG_COMPILER_APPICON_NAME = AppIcon;
				INFOPLIST_FILE = clase5/Info.plist;
				LD_RUNPATH_SEARCH_PATHS = "$(inherited) @executable_path/Frameworks";
				PRODUCT_BUNDLE_IDENTIFIER = com.consorciohbo.clase5;
				PRODUCT_NAME = "$(TARGET_NAME)";
				SWIFT_VERSION = 3.0;
			};
			name = Release;
		};
/* End XCBuildConfiguration section */

/* Begin XCConfigurationList section */
		F1877DC31E491BD800D2B259 /* Build configuration list for PBXProject "clase5" */ = {
			isa = XCConfigurationList;
			buildConfigurations = (
				F1877DD81E491BD900D2B259 /* Debug */,
				F1877DD91E491BD900D2B259 /* Release */,
			);
			defaultConfigurationIsVisible = 0;
			defaultConfigurationName = Release;
		};
		F1877DDA1E491BD900D2B259 /* Build configuration list for PBXNativeTarget "clase5" */ = {
			isa = XCConfigurationList;
			buildConfigurations = (
				F1877DDB1E491BD900D2B259 /* Debug */,
				F1877DDC1E491BD900D2B259 /* Release */,
			);
			defaultConfigurationIsVisible = 0;
			defaultConfigurationName = Release;
		};
/* End XCConfigurationList section */
	};
	rootObject = F1877DC01E491BD800D2B259 /* Project object */;
}
